
Microsoft Visual Studio Solution File, Format Version 12.00
# Visual Studio Version 17
VisualStudioVersion = 17.2.32616.157
MinimumVisualStudioVersion = 10.0.40219.1
Project("{FAE04EC0-301F-11D3-BF4B-00C04F79EFBC}") = "BookStoreAdmin", "BookStoreAdmin\BookStoreAdmin.csproj", "{5D4EA9F2-301E-46D3-9E46-4FFFD713B7B5}"
EndProject
Global
	GlobalSection(SolutionConfigurationPlatforms) = preSolution
		Debug|Any CPU = Debug|Any CPU
		Release|Any CPU = Release|Any CPU
	EndGlobalSection
	GlobalSection(ProjectConfigurationPlatforms) = postSolution
		{5D4EA9F2-301E-46D3-9E46-4FFFD713B7B5}.Debug|Any CPU.ActiveCfg = Debug|Any CPU
		{5D4EA9F2-301E-46D3-9E46-4FFFD713B7B5}.Debug|Any CPU.Build.0 = Debug|Any CPU
		{5D4EA9F2-301E-46D3-9E46-4FFFD713B7B5}.Release|Any CPU.ActiveCfg = Release|Any CPU
		{5D4EA9F2-301E-46D3-9E46-4FFFD713B7B5}.Release|Any CPU.Build.0 = Release|Any CPU
	EndGlobalSection
	GlobalSection(SolutionProperties) = preSolution
		HideSolutionNode = FALSE
	EndGlobalSection
	GlobalSection(ExtensibilityGlobals) = postSolution
		SolutionGuid = {4CD8EAFF-231E-4B55-A00E-A560338D349A}
	EndGlobalSection
EndGlobal
